// !$*UTF8*$!
{
	archiveVersion = 1;
	classes = {
	};
	objectVersion = 56;
	objects = {

/* Begin PBXBuildFile section */
		FB0C78CA2C5699870036FF31 /* RidestroApp.swift in Sources */ = {isa = PBXBuildFile; fileRef = FB0C78C92C5699870036FF31 /* RidestroApp.swift */; };
		FB0C78CC2C5699870036FF31 /* ContentView.swift in Sources */ = {isa = PBXBuildFile; fileRef = FB0C78CB2C5699870036FF31 /* ContentView.swift */; };
		FB0C78CE2C5699890036FF31 /* Assets.xcassets in Resources */ = {isa = PBXBuildFile; fileRef = FB0C78CD2C5699890036FF31 /* Assets.xcassets */; };
		FB0C78D12C5699890036FF31 /* Preview Assets.xcassets in Resources */ = {isa = PBXBuildFile; fileRef = FB0C78D02C5699890036FF31 /* Preview Assets.xcassets */; };
		FB0C78DB2C5699890036FF31 /* RidestroTests.swift in Sources */ = {isa = PBXBuildFile; fileRef = FB0C78DA2C5699890036FF31 /* RidestroTests.swift */; };
		FB0C78E52C5699890036FF31 /* RidestroUITests.swift in Sources */ = {isa = PBXBuildFile; fileRef = FB0C78E42C5699890036FF31 /* RidestroUITests.swift */; };
		FB0C78E72C5699890036FF31 /* RidestroUITestsLaunchTests.swift in Sources */ = {isa = PBXBuildFile; fileRef = FB0C78E62C5699890036FF31 /* RidestroUITestsLaunchTests.swift */; };
		FB0C78F92C569A1A0036FF31 /* MapboxMaps in Frameworks */ = {isa = PBXBuildFile; productRef = FB0C78F82C569A1A0036FF31 /* MapboxMaps */; };
		FB0C78FB2C569EC30036FF31 /* MapView.swift in Sources */ = {isa = PBXBuildFile; fileRef = FB0C78FA2C569EC30036FF31 /* MapView.swift */; };
		FB0C78FD2C569ED40036FF31 /* LocationManager.swift in Sources */ = {isa = PBXBuildFile; fileRef = FB0C78FC2C569ED40036FF31 /* LocationManager.swift */; };
/* End PBXBuildFile section */

/* Begin PBXContainerItemProxy section */
		FB0C78D72C5699890036FF31 /* PBXContainerItemProxy */ = {
			isa = PBXContainerItemProxy;
			containerPortal = FB0C78BE2C5699870036FF31 /* Project object */;
			proxyType = 1;
			remoteGlobalIDString = FB0C78C52C5699870036FF31;
			remoteInfo = "Ride Stro";
		};
		FB0C78E12C5699890036FF31 /* PBXContainerItemProxy */ = {
			isa = PBXContainerItemProxy;
			containerPortal = FB0C78BE2C5699870036FF31 /* Project object */;
			proxyType = 1;
			remoteGlobalIDString = FB0C78C52C5699870036FF31;
			remoteInfo = "Ride Stro";
		};
/* End PBXContainerItemProxy section */

/* Begin PBXFileReference section */
		FB0C78C62C5699870036FF31 /* Ridestro.app */ = {isa = PBXFileReference; explicitFileType = wrapper.application; includeInIndex = 0; path = Ridestro.app; sourceTree = BUILT_PRODUCTS_DIR; };
		FB0C78C92C5699870036FF31 /* RidestroApp.swift */ = {isa = PBXFileReference; lastKnownFileType = sourcecode.swift; path = RidestroApp.swift; sourceTree = "<group>"; };
		FB0C78CB2C5699870036FF31 /* ContentView.swift */ = {isa = PBXFileReference; lastKnownFileType = sourcecode.swift; path = ContentView.swift; sourceTree = "<group>"; };
		FB0C78CD2C5699890036FF31 /* Assets.xcassets */ = {isa = PBXFileReference; lastKnownFileType = folder.assetcatalog; path = Assets.xcassets; sourceTree = "<group>"; };
		FB0C78D02C5699890036FF31 /* Preview Assets.xcassets */ = {isa = PBXFileReference; lastKnownFileType = folder.assetcatalog; path = "Preview Assets.xcassets"; sourceTree = "<group>"; };
		FB0C78D62C5699890036FF31 /* RidestroTests.xctest */ = {isa = PBXFileReference; explicitFileType = wrapper.cfbundle; includeInIndex = 0; path = RidestroTests.xctest; sourceTree = BUILT_PRODUCTS_DIR; };
		FB0C78DA2C5699890036FF31 /* RidestroTests.swift */ = {isa = PBXFileReference; lastKnownFileType = sourcecode.swift; path = RidestroTests.swift; sourceTree = "<group>"; };
		FB0C78E02C5699890036FF31 /* RidestroUITests.xctest */ = {isa = PBXFileReference; explicitFileType = wrapper.cfbundle; includeInIndex = 0; path = RidestroUITests.xctest; sourceTree = BUILT_PRODUCTS_DIR; };
		FB0C78E42C5699890036FF31 /* RidestroUITests.swift */ = {isa = PBXFileReference; lastKnownFileType = sourcecode.swift; path = RidestroUITests.swift; sourceTree = "<group>"; };
		FB0C78E62C5699890036FF31 /* RidestroUITestsLaunchTests.swift */ = {isa = PBXFileReference; lastKnownFileType = sourcecode.swift; path = RidestroUITestsLaunchTests.swift; sourceTree = "<group>"; };
		FB0C78F62C5699D50036FF31 /* Ridestro-Info.plist */ = {isa = PBXFileReference; lastKnownFileType = text.plist.xml; path = "Ridestro-Info.plist"; sourceTree = SOURCE_ROOT; };
		FB0C78FA2C569EC30036FF31 /* MapView.swift */ = {isa = PBXFileReference; lastKnownFileType = sourcecode.swift; path = MapView.swift; sourceTree = "<group>"; };
		FB0C78FC2C569ED40036FF31 /* LocationManager.swift */ = {isa = PBXFileReference; lastKnownFileType = sourcecode.swift; path = LocationManager.swift; sourceTree = "<group>"; };
/* End PBXFileReference section */

/* Begin PBXFrameworksBuildPhase section */
		FB0C78C32C5699870036FF31 /* Frameworks */ = {
			isa = PBXFrameworksBuildPhase;
			buildActionMask = 2147483647;
			files = (
				FB0C78F92C569A1A0036FF31 /* MapboxMaps in Frameworks */,
			);
			runOnlyForDeploymentPostprocessing = 0;
		};
		FB0C78D32C5699890036FF31 /* Frameworks */ = {
			isa = PBXFrameworksBuildPhase;
			buildActionMask = 2147483647;
			files = (
			);
			runOnlyForDeploymentPostprocessing = 0;
		};
		FB0C78DD2C5699890036FF31 /* Frameworks */ = {
			isa = PBXFrameworksBuildPhase;
			buildActionMask = 2147483647;
			files = (
			);
			runOnlyForDeploymentPostprocessing = 0;
		};
/* End PBXFrameworksBuildPhase section */

/* Begin PBXGroup section */
		FB0C78BD2C5699870036FF31 = {
			isa = PBXGroup;
			children = (
				FB0C78C82C5699870036FF31 /* Ridestro */,
				FB0C78D92C5699890036FF31 /* RidestroTests */,
				FB0C78E32C5699890036FF31 /* RidestroUITests */,
				FB0C78C72C5699870036FF31 /* Products */,
				FB0C78F72C569A1A0036FF31 /* Frameworks */,
			);
			sourceTree = "<group>";
		};
		FB0C78C72C5699870036FF31 /* Products */ = {
			isa = PBXGroup;
			children = (
				FB0C78C62C5699870036FF31 /* Ridestro.app */,
				FB0C78D62C5699890036FF31 /* RidestroTests.xctest */,
				FB0C78E02C5699890036FF31 /* RidestroUITests.xctest */,
			);
			name = Products;
			sourceTree = "<group>";
		};
		FB0C78C82C5699870036FF31 /* Ridestro */ = {
			isa = PBXGroup;
			children = (
				FB0C78F62C5699D50036FF31 /* Ridestro-Info.plist */,
				FB0C78C92C5699870036FF31 /* RidestroApp.swift */,
				FB0C78CB2C5699870036FF31 /* ContentView.swift */,
				FB0C78CD2C5699890036FF31 /* Assets.xcassets */,
				FB0C78CF2C5699890036FF31 /* Preview Content */,
				FB0C78FA2C569EC30036FF31 /* MapView.swift */,
				FB0C78FC2C569ED40036FF31 /* LocationManager.swift */,
			);
			path = Ridestro;
			sourceTree = "<group>";
		};
		FB0C78CF2C5699890036FF31 /* Preview Content */ = {
			isa = PBXGroup;
			children = (
				FB0C78D02C5699890036FF31 /* Preview Assets.xcassets */,
			);
			path = "Preview Content";
			sourceTree = "<group>";
		};
		FB0C78D92C5699890036FF31 /* RidestroTests */ = {
			isa = PBXGroup;
			children = (
				FB0C78DA2C5699890036FF31 /* RidestroTests.swift */,
			);
			path = RidestroTests;
			sourceTree = "<group>";
		};
		FB0C78E32C5699890036FF31 /* RidestroUITests */ = {
			isa = PBXGroup;
			children = (
				FB0C78E42C5699890036FF31 /* RidestroUITests.swift */,
				FB0C78E62C5699890036FF31 /* RidestroUITestsLaunchTests.swift */,
			);
			path = RidestroUITests;
			sourceTree = "<group>";
		};
		FB0C78F72C569A1A0036FF31 /* Frameworks */ = {
			isa = PBXGroup;
			children = (
			);
			name = Frameworks;
			sourceTree = "<group>";
		};
/* End PBXGroup section */

/* Begin PBXNativeTarget section */
		FB0C78C52C5699870036FF31 /* Ridestro */ = {
			isa = PBXNativeTarget;
			buildConfigurationList = FB0C78EA2C5699890036FF31 /* Build configuration list for PBXNativeTarget "Ridestro" */;
			buildPhases = (
				FB0C78C22C5699870036FF31 /* Sources */,
				FB0C78C32C5699870036FF31 /* Frameworks */,
				FB0C78C42C5699870036FF31 /* Resources */,
			);
			buildRules = (
			);
			dependencies = (
			);
			name = Ridestro;
			packageProductDependencies = (
				FB0C78F82C569A1A0036FF31 /* MapboxMaps */,
			);
			productName = "Ride Stro";
			productReference = FB0C78C62C5699870036FF31 /* Ridestro.app */;
			productType = "com.apple.product-type.application";
		};
		FB0C78D52C5699890036FF31 /* RidestroTests */ = {
			isa = PBXNativeTarget;
			buildConfigurationList = FB0C78ED2C5699890036FF31 /* Build configuration list for PBXNativeTarget "RidestroTests" */;
			buildPhases = (
				FB0C78D22C5699890036FF31 /* Sources */,
				FB0C78D32C5699890036FF31 /* Frameworks */,
				FB0C78D42C5699890036FF31 /* Resources */,
			);
			buildRules = (
			);
			dependencies = (
				FB0C78D82C5699890036FF31 /* PBXTargetDependency */,
			);
			name = RidestroTests;
			productName = "Ride StroTests";
			productReference = FB0C78D62C5699890036FF31 /* RidestroTests.xctest */;
			productType = "com.apple.product-type.bundle.unit-test";
		};
		FB0C78DF2C5699890036FF31 /* RidestroUITests */ = {
			isa = PBXNativeTarget;
			buildConfigurationList = FB0C78F02C5699890036FF31 /* Build configuration list for PBXNativeTarget "RidestroUITests" */;
			buildPhases = (
				FB0C78DC2C5699890036FF31 /* Sources */,
				FB0C78DD2C5699890036FF31 /* Frameworks */,
				FB0C78DE2C5699890036FF31 /* Resources */,
			);
			buildRules = (
			);
			dependencies = (
				FB0C78E22C5699890036FF31 /* PBXTargetDependency */,
			);
			name = RidestroUITests;
			productName = "Ride StroUITests";
			productReference = FB0C78E02C5699890036FF31 /* RidestroUITests.xctest */;
			productType = "com.apple.product-type.bundle.ui-testing";
		};
/* End PBXNativeTarget section */

/* Begin PBXProject section */
		FB0C78BE2C5699870036FF31 /* Project object */ = {
			isa = PBXProject;
			attributes = {
				BuildIndependentTargetsInParallel = 1;
				LastSwiftUpdateCheck = 1540;
				LastUpgradeCheck = 1540;
				TargetAttributes = {
					FB0C78C52C5699870036FF31 = {
						CreatedOnToolsVersion = 15.4;
					};
					FB0C78D52C5699890036FF31 = {
						CreatedOnToolsVersion = 15.4;
						TestTargetID = FB0C78C52C5699870036FF31;
					};
					FB0C78DF2C5699890036FF31 = {
						CreatedOnToolsVersion = 15.4;
						TestTargetID = FB0C78C52C5699870036FF31;
					};
				};
			};
			buildConfigurationList = FB0C78C12C5699870036FF31 /* Build configuration list for PBXProject "Ridestro" */;
			compatibilityVersion = "Xcode 14.0";
			developmentRegion = en;
			hasScannedForEncodings = 0;
			knownRegions = (
				en,
				Base,
			);
			mainGroup = FB0C78BD2C5699870036FF31;
			packageReferences = (
				FB0C78F32C5699B30036FF31 /* XCRemoteSwiftPackageReference "mapbox-maps-ios" */,
			);
			productRefGroup = FB0C78C72C5699870036FF31 /* Products */;
			projectDirPath = "";
			projectRoot = "";
			targets = (
				FB0C78C52C5699870036FF31 /* Ridestro */,
				FB0C78D52C5699890036FF31 /* RidestroTests */,
				FB0C78DF2C5699890036FF31 /* RidestroUITests */,
			);
		};
/* End PBXProject section */

/* Begin PBXResourcesBuildPhase section */
		FB0C78C42C5699870036FF31 /* Resources */ = {
			isa = PBXResourcesBuildPhase;
			buildActionMask = 2147483647;
			files = (
				FB0C78D12C5699890036FF31 /* Preview Assets.xcassets in Resources */,
				FB0C78CE2C5699890036FF31 /* Assets.xcassets in Resources */,
			);
			runOnlyForDeploymentPostprocessing = 0;
		};
		FB0C78D42C5699890036FF31 /* Resources */ = {
			isa = PBXResourcesBuildPhase;
			buildActionMask = 2147483647;
			files = (
			);
			runOnlyForDeploymentPostprocessing = 0;
		};
		FB0C78DE2C5699890036FF31 /* Resources */ = {
			isa = PBXResourcesBuildPhase;
			buildActionMask = 2147483647;
			files = (
			);
			runOnlyForDeploymentPostprocessing = 0;
		};
/* End PBXResourcesBuildPhase section */

/* Begin PBXSourcesBuildPhase section */
		FB0C78C22C5699870036FF31 /* Sources */ = {
			isa = PBXSourcesBuildPhase;
			buildActionMask = 2147483647;
			files = (
				FB0C78FD2C569ED40036FF31 /* LocationManager.swift in Sources */,
				FB0C78CC2C5699870036FF31 /* ContentView.swift in Sources */,
				FB0C78FB2C569EC30036FF31 /* MapView.swift in Sources */,
				FB0C78CA2C5699870036FF31 /* RidestroApp.swift in Sources */,
			);
			runOnlyForDeploymentPostprocessing = 0;
		};
		FB0C78D22C5699890036FF31 /* Sources */ = {
			isa = PBXSourcesBuildPhase;
			buildActionMask = 2147483647;
			files = (
				FB0C78DB2C5699890036FF31 /* RidestroTests.swift in Sources */,
			);
			runOnlyForDeploymentPostprocessing = 0;
		};
		FB0C78DC2C5699890036FF31 /* Sources */ = {
			isa = PBXSourcesBuildPhase;
			buildActionMask = 2147483647;
			files = (
				FB0C78E72C5699890036FF31 /* RidestroUITestsLaunchTests.swift in Sources */,
				FB0C78E52C5699890036FF31 /* RidestroUITests.swift in Sources */,
			);
			runOnlyForDeploymentPostprocessing = 0;
		};
/* End PBXSourcesBuildPhase section */

/* Begin PBXTargetDependency section */
		FB0C78D82C5699890036FF31 /* PBXTargetDependency */ = {
			isa = PBXTargetDependency;
			target = FB0C78C52C5699870036FF31 /* Ridestro */;
			targetProxy = FB0C78D72C5699890036FF31 /* PBXContainerItemProxy */;
		};
		FB0C78E22C5699890036FF31 /* PBXTargetDependency */ = {
			isa = PBXTargetDependency;
			target = FB0C78C52C5699870036FF31 /* Ridestro */;
			targetProxy = FB0C78E12C5699890036FF31 /* PBXContainerItemProxy */;
		};
/* End PBXTargetDependency section */

/* Begin XCBuildConfiguration section */
		FB0C78E82C5699890036FF31 /* Debug */ = {
			isa = XCBuildConfiguration;
			buildSettings = {
				ALWAYS_SEARCH_USER_PATHS = NO;
				ASSETCATALOG_COMPILER_GENERATE_SWIFT_ASSET_SYMBOL_EXTENSIONS = YES;
				CLANG_ANALYZER_NONNULL = YES;
				CLANG_ANALYZER_NUMBER_OBJECT_CONVERSION = YES_AGGRESSIVE;
				CLANG_CXX_LANGUAGE_STANDARD = "gnu++20";
				CLANG_ENABLE_MODULES = YES;
				CLANG_ENABLE_OBJC_ARC = YES;
				CLANG_ENABLE_OBJC_WEAK = YES;
				CLANG_WARN_BLOCK_CAPTURE_AUTORELEASING = YES;
				CLANG_WARN_BOOL_CONVERSION = YES;
				CLANG_WARN_COMMA = YES;
				CLANG_WARN_CONSTANT_CONVERSION = YES;
				CLANG_WARN_DEPRECATED_OBJC_IMPLEMENTATIONS = YES;
				CLANG_WARN_DIRECT_OBJC_ISA_USAGE = YES_ERROR;
				CLANG_WARN_DOCUMENTATION_COMMENTS = YES;
				CLANG_WARN_EMPTY_BODY = YES;
				CLANG_WARN_ENUM_CONVERSION = YES;
				CLANG_WARN_INFINITE_RECURSION = YES;
				CLANG_WARN_INT_CONVERSION = YES;
				CLANG_WARN_NON_LITERAL_NULL_CONVERSION = YES;
				CLANG_WARN_OBJC_IMPLICIT_RETAIN_SELF = YES;
				CLANG_WARN_OBJC_LITERAL_CONVERSION = YES;
				CLANG_WARN_OBJC_ROOT_CLASS = YES_ERROR;
				CLANG_WARN_QUOTED_INCLUDE_IN_FRAMEWORK_HEADER = YES;
				CLANG_WARN_RANGE_LOOP_ANALYSIS = YES;
				CLANG_WARN_STRICT_PROTOTYPES = YES;
				CLANG_WARN_SUSPICIOUS_MOVE = YES;
				CLANG_WARN_UNGUARDED_AVAILABILITY = YES_AGGRESSIVE;
				CLANG_WARN_UNREACHABLE_CODE = YES;
				CLANG_WARN__DUPLICATE_METHOD_MATCH = YES;
				COPY_PHASE_STRIP = NO;
				DEBUG_INFORMATION_FORMAT = dwarf;
				ENABLE_STRICT_OBJC_MSGSEND = YES;
				ENABLE_TESTABILITY = YES;
				ENABLE_USER_SCRIPT_SANDBOXING = YES;
				GCC_C_LANGUAGE_STANDARD = gnu17;
				GCC_DYNAMIC_NO_PIC = NO;
				GCC_NO_COMMON_BLOCKS = YES;
				GCC_OPTIMIZATION_LEVEL = 0;
				GCC_PREPROCESSOR_DEFINITIONS = (
					"DEBUG=1",
					"$(inherited)",
				);
				GCC_WARN_64_TO_32_BIT_CONVERSION = YES;
				GCC_WARN_ABOUT_RETURN_TYPE = YES_ERROR;
				GCC_WARN_UNDECLARED_SELECTOR = YES;
				GCC_WARN_UNINITIALIZED_AUTOS = YES_AGGRESSIVE;
				GCC_WARN_UNUSED_FUNCTION = YES;
				GCC_WARN_UNUSED_VARIABLE = YES;
				IPHONEOS_DEPLOYMENT_TARGET = 17.5;
				LOCALIZATION_PREFERS_STRING_CATALOGS = YES;
				MTL_ENABLE_DEBUG_INFO = INCLUDE_SOURCE;
				MTL_FAST_MATH = YES;
				ONLY_ACTIVE_ARCH = YES;
				SDKROOT = iphoneos;
				SWIFT_ACTIVE_COMPILATION_CONDITIONS = "DEBUG $(inherited)";
				SWIFT_OPTIMIZATION_LEVEL = "-Onone";
			};
			name = Debug;
		};
		FB0C78E92C5699890036FF31 /* Release */ = {
			isa = XCBuildConfiguration;
			buildSettings = {
				ALWAYS_SEARCH_USER_PATHS = NO;
				ASSETCATALOG_COMPILER_GENERATE_SWIFT_ASSET_SYMBOL_EXTENSIONS = YES;
				CLANG_ANALYZER_NONNULL = YES;
				CLANG_ANALYZER_NUMBER_OBJECT_CONVERSION = YES_AGGRESSIVE;
				CLANG_CXX_LANGUAGE_STANDARD = "gnu++20";
				CLANG_ENABLE_MODULES = YES;
				CLANG_ENABLE_OBJC_ARC = YES;
				CLANG_ENABLE_OBJC_WEAK = YES;
				CLANG_WARN_BLOCK_CAPTURE_AUTORELEASING = YES;
				CLANG_WARN_BOOL_CONVERSION = YES;
				CLANG_WARN_COMMA = YES;
				CLANG_WARN_CONSTANT_CONVERSION = YES;
				CLANG_WARN_DEPRECATED_OBJC_IMPLEMENTATIONS = YES;
				CLANG_WARN_DIRECT_OBJC_ISA_USAGE = YES_ERROR;
				CLANG_WARN_DOCUMENTATION_COMMENTS = YES;
				CLANG_WARN_EMPTY_BODY = YES;
				CLANG_WARN_ENUM_CONVERSION = YES;
				CLANG_WARN_INFINITE_RECURSION = YES;
				CLANG_WARN_INT_CONVERSION = YES;
				CLANG_WARN_NON_LITERAL_NULL_CONVERSION = YES;
				CLANG_WARN_OBJC_IMPLICIT_RETAIN_SELF = YES;
				CLANG_WARN_OBJC_LITERAL_CONVERSION = YES;
				CLANG_WARN_OBJC_ROOT_CLASS = YES_ERROR;
				CLANG_WARN_QUOTED_INCLUDE_IN_FRAMEWORK_HEADER = YES;
				CLANG_WARN_RANGE_LOOP_ANALYSIS = YES;
				CLANG_WARN_STRICT_PROTOTYPES = YES;
				CLANG_WARN_SUSPICIOUS_MOVE = YES;
				CLANG_WARN_UNGUARDED_AVAILABILITY = YES_AGGRESSIVE;
				CLANG_WARN_UNREACHABLE_CODE = YES;
				CLANG_WARN__DUPLICATE_METHOD_MATCH = YES;
				COPY_PHASE_STRIP = NO;
				DEBUG_INFORMATION_FORMAT = "dwarf-with-dsym";
				ENABLE_NS_ASSERTIONS = NO;
				ENABLE_STRICT_OBJC_MSGSEND = YES;
				ENABLE_USER_SCRIPT_SANDBOXING = YES;
				GCC_C_LANGUAGE_STANDARD = gnu17;
				GCC_NO_COMMON_BLOCKS = YES;
				GCC_WARN_64_TO_32_BIT_CONVERSION = YES;
				GCC_WARN_ABOUT_RETURN_TYPE = YES_ERROR;
				GCC_WARN_UNDECLARED_SELECTOR = YES;
				GCC_WARN_UNINITIALIZED_AUTOS = YES_AGGRESSIVE;
				GCC_WARN_UNUSED_FUNCTION = YES;
				GCC_WARN_UNUSED_VARIABLE = YES;
				IPHONEOS_DEPLOYMENT_TARGET = 17.5;
				LOCALIZATION_PREFERS_STRING_CATALOGS = YES;
				MTL_ENABLE_DEBUG_INFO = NO;
				MTL_FAST_MATH = YES;
				SDKROOT = iphoneos;
				SWIFT_COMPILATION_MODE = wholemodule;
				VALIDATE_PRODUCT = YES;
			};
			name = Release;
		};
		FB0C78EB2C5699890036FF31 /* Debug */ = {
			isa = XCBuildConfiguration;
			buildSettings = {
				ASSETCATALOG_COMPILER_APPICON_NAME = AppIcon;
				ASSETCATALOG_COMPILER_GLOBAL_ACCENT_COLOR_NAME = AccentColor;
				CODE_SIGN_STYLE = Automatic;
				CURRENT_PROJECT_VERSION = 1;
				DEVELOPMENT_ASSET_PATHS = "\"Ridestro/Preview Content\"";
				DEVELOPMENT_TEAM = HPXD4Z7FNQ;
				ENABLE_PREVIEWS = YES;
				GENERATE_INFOPLIST_FILE = YES;
				INFOPLIST_FILE = "Ridestro-Info.plist";
				INFOPLIST_KEY_NSLocationAlwaysUsageDescription = "This app requires access to your location at all times to provide navigation and tracking services.";
				INFOPLIST_KEY_NSLocationWhenInUseUsageDescription = "This app requires access to your location to show your current position on the map.";
				INFOPLIST_KEY_UIApplicationSceneManifest_Generation = YES;
				INFOPLIST_KEY_UIApplicationSupportsIndirectInputEvents = YES;
				INFOPLIST_KEY_UILaunchScreen_Generation = YES;
				INFOPLIST_KEY_UISupportedInterfaceOrientations_iPad = "UIInterfaceOrientationPortrait UIInterfaceOrientationPortraitUpsideDown UIInterfaceOrientationLandscapeLeft UIInterfaceOrientationLandscapeRight";
				INFOPLIST_KEY_UISupportedInterfaceOrientations_iPhone = "UIInterfaceOrientationPortrait UIInterfaceOrientationLandscapeLeft UIInterfaceOrientationLandscapeRight";
				LD_RUNPATH_SEARCH_PATHS = (
					"$(inherited)",
					"@executable_path/Frameworks",
				);
				MARKETING_VERSION = 1.0;
				PRODUCT_BUNDLE_IDENTIFIER = com.gondolabros.Ridestro;
				PRODUCT_NAME = "$(TARGET_NAME)";
				SWIFT_EMIT_LOC_STRINGS = YES;
				SWIFT_VERSION = 5.0;
				TARGETED_DEVICE_FAMILY = "1,2";
			};
			name = Debug;
		};
		FB0C78EC2C5699890036FF31 /* Release */ = {
			isa = XCBuildConfiguration;
			buildSettings = {
				ASSETCATALOG_COMPILER_APPICON_NAME = AppIcon;
				ASSETCATALOG_COMPILER_GLOBAL_ACCENT_COLOR_NAME = AccentColor;
				CODE_SIGN_STYLE = Automatic;
				CURRENT_PROJECT_VERSION = 1;
				DEVELOPMENT_ASSET_PATHS = "\"Ridestro/Preview Content\"";
				DEVELOPMENT_TEAM = HPXD4Z7FNQ;
				ENABLE_PREVIEWS = YES;
				GENERATE_INFOPLIST_FILE = YES;
				INFOPLIST_FILE = "Ridestro-Info.plist";
				INFOPLIST_KEY_NSLocationAlwaysUsageDescription = "This app requires access to your location at all times to provide navigation and tracking services.";
				INFOPLIST_KEY_NSLocationWhenInUseUsageDescription = "This app requires access to your location to show your current position on the map.";
				INFOPLIST_KEY_UIApplicationSceneManifest_Generation = YES;
				INFOPLIST_KEY_UIApplicationSupportsIndirectInputEvents = YES;
				INFOPLIST_KEY_UILaunchScreen_Generation = YES;
				INFOPLIST_KEY_UISupportedInterfaceOrientations_iPad = "UIInterfaceOrientationPortrait UIInterfaceOrientationPortraitUpsideDown UIInterfaceOrientationLandscapeLeft UIInterfaceOrientationLandscapeRight";
				INFOPLIST_KEY_UISupportedInterfaceOrientations_iPhone = "UIInterfaceOrientationPortrait UIInterfaceOrientationLandscapeLeft UIInterfaceOrientationLandscapeRight";
				LD_RUNPATH_SEARCH_PATHS = (
					"$(inherited)",
					"@executable_path/Frameworks",
				);
				MARKETING_VERSION = 1.0;
				PRODUCT_BUNDLE_IDENTIFIER = com.gondolabros.Ridestro;
				PRODUCT_NAME = "$(TARGET_NAME)";
				SWIFT_EMIT_LOC_STRINGS = YES;
				SWIFT_VERSION = 5.0;
				TARGETED_DEVICE_FAMILY = "1,2";
			};
			name = Release;
		};
		FB0C78EE2C5699890036FF31 /* Debug */ = {
			isa = XCBuildConfiguration;
			buildSettings = {
				ALWAYS_EMBED_SWIFT_STANDARD_LIBRARIES = YES;
				BUNDLE_LOADER = "$(TEST_HOST)";
				CODE_SIGN_STYLE = Automatic;
				CURRENT_PROJECT_VERSION = 1;
				DEVELOPMENT_TEAM = HPXD4Z7FNQ;
				GENERATE_INFOPLIST_FILE = YES;
				IPHONEOS_DEPLOYMENT_TARGET = 17.5;
				MARKETING_VERSION = 1.0;
				PRODUCT_BUNDLE_IDENTIFIER = "com.gondolabros.Ride-StroTests";
				PRODUCT_NAME = "$(TARGET_NAME)";
				SWIFT_EMIT_LOC_STRINGS = NO;
				SWIFT_VERSION = 5.0;
				TARGETED_DEVICE_FAMILY = "1,2";
				TEST_HOST = "$(BUILT_PRODUCTS_DIR)/Ridestro.app/$(BUNDLE_EXECUTABLE_FOLDER_PATH)/Ridestro";
			};
			name = Debug;
		};
		FB0C78EF2C5699890036FF31 /* Release */ = {
			isa = XCBuildConfiguration;
			buildSettings = {
				ALWAYS_EMBED_SWIFT_STANDARD_LIBRARIES = YES;
				BUNDLE_LOADER = "$(TEST_HOST)";
				CODE_SIGN_STYLE = Automatic;
				CURRENT_PROJECT_VERSION = 1;
				DEVELOPMENT_TEAM = HPXD4Z7FNQ;
				GENERATE_INFOPLIST_FILE = YES;
				IPHONEOS_DEPLOYMENT_TARGET = 17.5;
				MARKETING_VERSION = 1.0;
				PRODUCT_BUNDLE_IDENTIFIER = "com.gondolabros.Ride-StroTests";
				PRODUCT_NAME = "$(TARGET_NAME)";
				SWIFT_EMIT_LOC_STRINGS = NO;
				SWIFT_VERSION = 5.0;
				TARGETED_DEVICE_FAMILY = "1,2";
				TEST_HOST = "$(BUILT_PRODUCTS_DIR)/Ridestro.app/$(BUNDLE_EXECUTABLE_FOLDER_PATH)/Ridestro";
			};
			name = Release;
		};
		FB0C78F12C5699890036FF31 /* Debug */ = {
			isa = XCBuildConfiguration;
			buildSettings = {
				ALWAYS_EMBED_SWIFT_STANDARD_LIBRARIES = YES;
				CODE_SIGN_STYLE = Automatic;
				CURRENT_PROJECT_VERSION = 1;
				DEVELOPMENT_TEAM = HPXD4Z7FNQ;
				GENERATE_INFOPLIST_FILE = YES;
				MARKETING_VERSION = 1.0;
				PRODUCT_BUNDLE_IDENTIFIER = "com.gondolabros.Ride-StroUITests";
				PRODUCT_NAME = "$(TARGET_NAME)";
				SWIFT_EMIT_LOC_STRINGS = NO;
				SWIFT_VERSION = 5.0;
				TARGETED_DEVICE_FAMILY = "1,2";
				TEST_TARGET_NAME = "Ride Stro";
			};
			name = Debug;
		};
		FB0C78F22C5699890036FF31 /* Release */ = {
			isa = XCBuildConfiguration;
			buildSettings = {
				ALWAYS_EMBED_SWIFT_STANDARD_LIBRARIES = YES;
				CODE_SIGN_STYLE = Automatic;
				CURRENT_PROJECT_VERSION = 1;
				DEVELOPMENT_TEAM = HPXD4Z7FNQ;
				GENERATE_INFOPLIST_FILE = YES;
				MARKETING_VERSION = 1.0;
				PRODUCT_BUNDLE_IDENTIFIER = "com.gondolabros.Ride-StroUITests";
				PRODUCT_NAME = "$(TARGET_NAME)";
				SWIFT_EMIT_LOC_STRINGS = NO;
				SWIFT_VERSION = 5.0;
				TARGETED_DEVICE_FAMILY = "1,2";
				TEST_TARGET_NAME = "Ride Stro";
			};
			name = Release;
		};
/* End XCBuildConfiguration section */

/* Begin XCConfigurationList section */
		FB0C78C12C5699870036FF31 /* Build configuration list for PBXProject "Ridestro" */ = {
			isa = XCConfigurationList;
			buildConfigurations = (
				FB0C78E82C5699890036FF31 /* Debug */,
				FB0C78E92C5699890036FF31 /* Release */,
			);
			defaultConfigurationIsVisible = 0;
			defaultConfigurationName = Release;
		};
		FB0C78EA2C5699890036FF31 /* Build configuration list for PBXNativeTarget "Ridestro" */ = {
			isa = XCConfigurationList;
			buildConfigurations = (
				FB0C78EB2C5699890036FF31 /* Debug */,
				FB0C78EC2C5699890036FF31 /* Release */,
			);
			defaultConfigurationIsVisible = 0;
			defaultConfigurationName = Release;
		};
		FB0C78ED2C5699890036FF31 /* Build configuration list for PBXNativeTarget "RidestroTests" */ = {
			isa = XCConfigurationList;
			buildConfigurations = (
				FB0C78EE2C5699890036FF31 /* Debug */,
				FB0C78EF2C5699890036FF31 /* Release */,
			);
			defaultConfigurationIsVisible = 0;
			defaultConfigurationName = Release;
		};
		FB0C78F02C5699890036FF31 /* Build configuration list for PBXNativeTarget "RidestroUITests" */ = {
			isa = XCConfigurationList;
			buildConfigurations = (
				FB0C78F12C5699890036FF31 /* Debug */,
				FB0C78F22C5699890036FF31 /* Release */,
			);
			defaultConfigurationIsVisible = 0;
			defaultConfigurationName = Release;
		};
/* End XCConfigurationList section */

/* Begin XCRemoteSwiftPackageReference section */
		FB0C78F32C5699B30036FF31 /* XCRemoteSwiftPackageReference "mapbox-maps-ios" */ = {
			isa = XCRemoteSwiftPackageReference;
			repositoryURL = "https://github.com/mapbox/mapbox-maps-ios";
			requirement = {
				kind = exactVersion;
				version = 10.5.1;
			};
		};
/* End XCRemoteSwiftPackageReference section */

/* Begin XCSwiftPackageProductDependency section */
		FB0C78F82C569A1A0036FF31 /* MapboxMaps */ = {
			isa = XCSwiftPackageProductDependency;
			package = FB0C78F32C5699B30036FF31 /* XCRemoteSwiftPackageReference "mapbox-maps-ios" */;
			productName = MapboxMaps;
		};
/* End XCSwiftPackageProductDependency section */
	};
	rootObject = FB0C78BE2C5699870036FF31 /* Project object */;
}
